
Microsoft Visual Studio Solution File, Format Version 12.00
# Visual Studio Version 17
VisualStudioVersion = 17.4.33213.308
MinimumVisualStudioVersion = 10.0.40219.1
Project("{FAE04EC0-301F-11D3-BF4B-00C04F79EFBC}") = "Minimal_API", "Minimal_API\Minimal_API.csproj", "{179848C3-5049-4663-9989-6F468F2A4625}"
EndProject
Global
	GlobalSection(SolutionConfigurationPlatforms) = preSolution
		Debug|Any CPU = Debug|Any CPU
		Release|Any CPU = Release|Any CPU
	EndGlobalSection
	GlobalSection(ProjectConfigurationPlatforms) = postSolution
		{179848C3-5049-4663-9989-6F468F2A4625}.Debug|Any CPU.ActiveCfg = Debug|Any CPU
		{179848C3-5049-4663-9989-6F468F2A4625}.Debug|Any CPU.Build.0 = Debug|Any CPU
		{179848C3-5049-4663-9989-6F468F2A4625}.Release|Any CPU.ActiveCfg = Release|Any CPU
		{179848C3-5049-4663-9989-6F468F2A4625}.Release|Any CPU.Build.0 = Release|Any CPU
	EndGlobalSection
	GlobalSection(SolutionProperties) = preSolution
		HideSolutionNode = FALSE
	EndGlobalSection
	GlobalSection(ExtensibilityGlobals) = postSolution
		SolutionGuid = {E082F0BD-5611-4BAD-AC5A-2AB4FFB32EFE}
	EndGlobalSection
EndGlobal
